<?xml version="1.0" encoding="utf-8"?>
<Project ToolsVersion="4.0" xmlns="http://schemas.microsoft.com/developer/msbuild/2003">
  <ItemGroup>
    <Filter Include="Source Files">
      <UniqueIdentifier>{4FC737F1-C7A5-4376-A066-2A32D752A2FF}</UniqueIdentifier>
      <Extensions>cpp;c;cc;cxx;def;odl;idl;hpj;bat;asm;asmx</Extensions>
    </Filter>
    <Filter Include="Header Files">
      <UniqueIdentifier>{93995380-89BD-4b04-88EB-625FBE52EBFB}</UniqueIdentifier>
      <Extensions>h;hh;hpp;hxx;hm;inl;inc;xsd</Extensions>
    </Filter>
    <Filter Include="Resource Files">
      <UniqueIdentifier>{67DA6AB6-F800-4c08-8B7A-83BB121AAD01}</UniqueIdentifier>
      <Extensions>rc;ico;cur;bmp;dlg;rc2;rct;bin;rgs;gif;jpg;jpeg;jpe;resx;tiff;tif;png;wav;mfcribbon-ms</Extensions>
    </Filter>
    <Filter Include="Common">
      <UniqueIdentifier>{6b0b129a-20c5-428f-81ce-db24f315bd3b}</UniqueIdentifier>
    </Filter>
    <Filter Include="Common\MS3D">
      <UniqueIdentifier>{8723dbde-ab9b-4fca-8651-ed4b9c713f65}</UniqueIdentifier>
    </Filter>
    <Filter Include="Common\Controlls">
      <UniqueIdentifier>{0961a67d-9598-4c82-9b43-d939378606b5}</UniqueIdentifier>
    </Filter>
  </ItemGroup>
  <ItemGroup>
    <Text Include="ReadMe.txt" />
  </ItemGroup>
  <ItemGroup>
    <ClInclude Include="stdafx.h">
      <Filter>Header Files</Filter>
    </ClInclude>
    <ClInclude Include="targetver.h">
      <Filter>Header Files</Filter>
    </ClInclude>
    <ClInclude Include="Resource.h">
      <Filter>Header Files</Filter>
    </ClInclude>
    <ClInclude Include="GameGL.h">
      <Filter>Header Files</Filter>
    </ClInclude>
    <ClInclude Include="OGLgame.h">
      <Filter>Header Files</Filter>
    </ClInclude>
    <ClInclude Include="..\Common\Image.h">
      <Filter>Common</Filter>
    </ClInclude>
    <ClInclude Include="..\Common\Textures.h">
      <Filter>Common</Filter>
    </ClInclude>
    <ClInclude Include="..\Common\Utils.h">
      <Filter>Common</Filter>
    </ClInclude>
    <ClInclude Include="..\Common\OGLBuffers.h">
      <Filter>Common</Filter>
    </ClInclude>
    <ClInclude Include="..\Common\Math3D.h">
      <Filter>Common</Filter>
    </ClInclude>
    <ClInclude Include="..\Common\MS3D\Shader.h">
      <Filter>Common\MS3D</Filter>
    </ClInclude>
    <ClInclude Include="..\Common\Controlls\OGLControl.h">
      <Filter>Common\Controlls</Filter>
    </ClInclude>
    <ClInclude Include="..\Common\Observable.h">
      <Filter>Common</Filter>
    </ClInclude>
    <ClInclude Include="..\Common\Patterns.h">
      <Filter>Common</Filter>
    </ClInclude>
    <ClInclude Include="..\Common\Matrix.h">
      <Filter>Common</Filter>
    </ClInclude>
    <ClInclude Include="..\Common\FontImage.h">
      <Filter>Common</Filter>
    </ClInclude>
  </ItemGroup>
  <ItemGroup>
    <ClCompile Include="stdafx.cpp">
      <Filter>Source Files</Filter>
    </ClCompile>
    <ClCompile Include="GameGL.cpp">
      <Filter>Source Files</Filter>
    </ClCompile>
    <ClCompile Include="OGLgame.cpp">
      <Filter>Source Files</Filter>
    </ClCompile>
    <ClCompile Include="..\Common\Image.cpp">
      <Filter>Common</Filter>
    </ClCompile>
    <ClCompile Include="..\Common\Textures.cpp">
      <Filter>Common</Filter>
    </ClCompile>
    <ClCompile Include="..\Common\Utils.cpp">
      <Filter>Common</Filter>
    </ClCompile>
    <ClCompile Include="..\Common\MS3D\Shader.cpp">
      <Filter>Common\MS3D</Filter>
    </ClCompile>
    <ClCompile Include="..\Common\Controlls\OGLControl.cpp">
      <Filter>Common\Controlls</Filter>
    </ClCompile>
    <ClCompile Include="..\Common\FontImage.cpp">
      <Filter>Common</Filter>
    </ClCompile>
  </ItemGroup>
  <ItemGroup>
    <ResourceCompile Include="GameGL.rc">
      <Filter>Resource Files</Filter>
    </ResourceCompile>
  </ItemGroup>
  <ItemGroup>
    <Image Include="small.ico">
      <Filter>Resource Files</Filter>
    </Image>
    <Image Include="GameGL.ico">
      <Filter>Resource Files</Filter>
    </Image>
  </ItemGroup>
</Project>