<?xml version="1.0" encoding="utf-8"?>
<Project ToolsVersion="4.0" xmlns="http://schemas.microsoft.com/developer/msbuild/2003">
  <ItemGroup>
    <Filter Include="Source Files">
      <UniqueIdentifier>{93a1a31f-b15a-4b08-be18-09d8f4b01f9f}</UniqueIdentifier>
      <Extensions>cpp;c;cxx;def;odl;idl;hpj;bat;asm</Extensions>
    </Filter>
    <Filter Include="Header Files">
      <UniqueIdentifier>{7483bae5-018c-4029-8a7d-622cde5761c0}</UniqueIdentifier>
      <Extensions>h;hpp;hxx;hm;inl;inc</Extensions>
    </Filter>
    <Filter Include="Resource Files">
      <UniqueIdentifier>{54659be8-5d0d-4236-a5bb-d6ae4dcb7b1b}</UniqueIdentifier>
      <Extensions>rc;ico;cur;bmp;dlg;rc2;rct;bin;rgs;jpg;jpeg;jpe;manifest</Extensions>
    </Filter>
    <Filter Include="Common">
      <UniqueIdentifier>{d167de62-7ea4-4e4a-a4cb-81afdaf29196}</UniqueIdentifier>
    </Filter>
    <Filter Include="Common\MS3D">
      <UniqueIdentifier>{0b0da36f-cb40-4f89-884c-54fc14d4995e}</UniqueIdentifier>
    </Filter>
  </ItemGroup>
  <ItemGroup>
    <ClCompile Include="RotatePolygons.cpp">
      <Filter>Source Files</Filter>
    </ClCompile>
    <ClCompile Include="RotatePolygonsDoc.cpp">
      <Filter>Source Files</Filter>
    </ClCompile>
    <ClCompile Include="RotatePolygonsDrawGL.cpp">
      <Filter>Source Files</Filter>
    </ClCompile>
    <ClCompile Include="04_RotatePolygonsDrawInit.cpp">
      <Filter>Source Files</Filter>
    </ClCompile>
    <ClCompile Include="RotatePolygonsView.cpp">
      <Filter>Source Files</Filter>
    </ClCompile>
    <ClCompile Include="stdafx.cpp">
      <Filter>Source Files</Filter>
    </ClCompile>
    <ClCompile Include="MainFrm.cpp">
      <Filter>Source Files</Filter>
    </ClCompile>
    <ClCompile Include="GLRoutine.cpp">
      <Filter>Source Files</Filter>
    </ClCompile>
    <ClCompile Include="GlobMyProc.cpp">
      <Filter>Source Files</Filter>
    </ClCompile>
    <ClCompile Include="GlobManage.cpp">
      <Filter>Source Files</Filter>
    </ClCompile>
    <ClCompile Include="GlobMainFrame.cpp">
      <Filter>Source Files</Filter>
    </ClCompile>
    <ClCompile Include="AboutDlg.cpp">
      <Filter>Source Files</Filter>
    </ClCompile>
    <ClCompile Include="..\Common\Image.cpp">
      <Filter>Common</Filter>
    </ClCompile>
    <ClCompile Include="..\Common\Textures.cpp">
      <Filter>Common</Filter>
    </ClCompile>
    <ClCompile Include="..\Common\Utils.cpp">
      <Filter>Common</Filter>
    </ClCompile>
    <ClCompile Include="SpinnerModel.cpp">
      <Filter>Source Files</Filter>
    </ClCompile>
    <ClCompile Include="..\Common\MS3D\MS3DFile.cpp">
      <Filter>Common\MS3D</Filter>
    </ClCompile>
    <ClCompile Include="..\Common\MS3D\MS3DFileIO.cpp">
      <Filter>Common\MS3D</Filter>
    </ClCompile>
    <ClCompile Include="..\Common\MS3D\optimizations.cpp">
      <Filter>Common\MS3D</Filter>
    </ClCompile>
    <ClCompile Include="..\Common\MS3D\Shader.cpp">
      <Filter>Common\MS3D</Filter>
    </ClCompile>
  </ItemGroup>
  <ItemGroup>
    <ClInclude Include="Resource.h">
      <Filter>Header Files</Filter>
    </ClInclude>
    <ClInclude Include="RotatePolygons.h">
      <Filter>Header Files</Filter>
    </ClInclude>
    <ClInclude Include="RotatePolygonsDoc.h">
      <Filter>Header Files</Filter>
    </ClInclude>
    <ClInclude Include="RotatePolygonsView.h">
      <Filter>Header Files</Filter>
    </ClInclude>
    <ClInclude Include="stdafx.h">
      <Filter>Header Files</Filter>
    </ClInclude>
    <ClInclude Include="AboutDlg.h">
      <Filter>Header Files</Filter>
    </ClInclude>
    <ClInclude Include="MainFrm.h">
      <Filter>Header Files</Filter>
    </ClInclude>
    <ClInclude Include="..\Common\Image.h">
      <Filter>Common</Filter>
    </ClInclude>
    <ClInclude Include="..\Common\Textures.h">
      <Filter>Common</Filter>
    </ClInclude>
    <ClInclude Include="..\Common\Utils.h">
      <Filter>Common</Filter>
    </ClInclude>
    <ClInclude Include="SpinnerModel.h">
      <Filter>Header Files</Filter>
    </ClInclude>
    <ClInclude Include="..\Common\MS3D\MS3DFile.h">
      <Filter>Common\MS3D</Filter>
    </ClInclude>
    <ClInclude Include="..\Common\MS3D\MS3DFileI.h">
      <Filter>Common\MS3D</Filter>
    </ClInclude>
    <ClInclude Include="..\Common\MS3D\Shader.h">
      <Filter>Common\MS3D</Filter>
    </ClInclude>
  </ItemGroup>
  <ItemGroup>
    <None Include="res\RotatePolygons.ico">
      <Filter>Resource Files</Filter>
    </None>
    <None Include="res\RotatePolygons.rc2">
      <Filter>Resource Files</Filter>
    </None>
    <None Include="res\RotatePolygonsDoc.ico">
      <Filter>Resource Files</Filter>
    </None>
    <None Include="res\Toolbar.bmp">
      <Filter>Resource Files</Filter>
    </None>
    <None Include="ReadMe.txt" />
  </ItemGroup>
  <ItemGroup>
    <Manifest Include="res\RotatePolygons.manifest">
      <Filter>Resource Files</Filter>
    </Manifest>
  </ItemGroup>
  <ItemGroup>
    <ResourceCompile Include="RotatePolygons.rc">
      <Filter>Resource Files</Filter>
    </ResourceCompile>
  </ItemGroup>
</Project>